// !$*UTF8*$!
{
	archiveVersion = 1;
	classes = {
	};
	objectVersion = 50;
	objects = {

/* Begin PBXBuildFile section */
		298DA05921E830940013F4A9 /* AppDelegate.swift in Sources */ = {isa = PBXBuildFile; fileRef = 298DA05821E830940013F4A9 /* AppDelegate.swift */; };
		298DA05B21E830940013F4A9 /* ViewController.swift in Sources */ = {isa = PBXBuildFile; fileRef = 298DA05A21E830940013F4A9 /* ViewController.swift */; };
		298DA05E21E830940013F4A9 /* Main.storyboard in Resources */ = {isa = PBXBuildFile; fileRef = 298DA05C21E830940013F4A9 /* Main.storyboard */; };
		298DA06121E830940013F4A9 /* AccelerometerApp.xcdatamodeld in Sources */ = {isa = PBXBuildFile; fileRef = 298DA05F21E830940013F4A9 /* AccelerometerApp.xcdatamodeld */; };
		298DA06321E830950013F4A9 /* Assets.xcassets in Resources */ = {isa = PBXBuildFile; fileRef = 298DA06221E830950013F4A9 /* Assets.xcassets */; };
		298DA06621E830950013F4A9 /* LaunchScreen.storyboard in Resources */ = {isa = PBXBuildFile; fileRef = 298DA06421E830950013F4A9 /* LaunchScreen.storyboard */; };
		298DA07121E830960013F4A9 /* AccelerometerAppTests.swift in Sources */ = {isa = PBXBuildFile; fileRef = 298DA07021E830960013F4A9 /* AccelerometerAppTests.swift */; };
/* End PBXBuildFile section */

/* Begin PBXContainerItemProxy section */
		298DA06D21E830950013F4A9 /* PBXContainerItemProxy */ = {
			isa = PBXContainerItemProxy;
			containerPortal = 298DA04D21E830940013F4A9 /* Project object */;
			proxyType = 1;
			remoteGlobalIDString = 298DA05421E830940013F4A9;
			remoteInfo = AccelerometerApp;
		};
/* End PBXContainerItemProxy section */

/* Begin PBXFileReference section */
		298DA05521E830940013F4A9 /* AccelerometerApp.app */ = {isa = PBXFileReference; explicitFileType = wrapper.application; includeInIndex = 0; path = AccelerometerApp.app; sourceTree = BUILT_PRODUCTS_DIR; };
		298DA05821E830940013F4A9 /* AppDelegate.swift */ = {isa = PBXFileReference; lastKnownFileType = sourcecode.swift; path = AppDelegate.swift; sourceTree = "<group>"; };
		298DA05A21E830940013F4A9 /* ViewController.swift */ = {isa = PBXFileReference; lastKnownFileType = sourcecode.swift; path = ViewController.swift; sourceTree = "<group>"; };
		298DA05D21E830940013F4A9 /* Base */ = {isa = PBXFileReference; lastKnownFileType = file.storyboard; name = Base; path = Base.lproj/Main.storyboard; sourceTree = "<group>"; };
		298DA06021E830940013F4A9 /* AccelerometerApp.xcdatamodel */ = {isa = PBXFileReference; lastKnownFileType = wrapper.xcdatamodel; path = AccelerometerApp.xcdatamodel; sourceTree = "<group>"; };
		298DA06221E830950013F4A9 /* Assets.xcassets */ = {isa = PBXFileReference; lastKnownFileType = folder.assetcatalog; path = Assets.xcassets; sourceTree = "<group>"; };
		298DA06521E830950013F4A9 /* Base */ = {isa = PBXFileReference; lastKnownFileType = file.storyboard; name = Base; path = Base.lproj/LaunchScreen.storyboard; sourceTree = "<group>"; };
		298DA06721E830950013F4A9 /* Info.plist */ = {isa = PBXFileReference; lastKnownFileType = text.plist.xml; path = Info.plist; sourceTree = "<group>"; };
		298DA06C21E830950013F4A9 /* AccelerometerAppTests.xctest */ = {isa = PBXFileReference; explicitFileType = wrapper.cfbundle; includeInIndex = 0; path = AccelerometerAppTests.xctest; sourceTree = BUILT_PRODUCTS_DIR; };
		298DA07021E830960013F4A9 /* AccelerometerAppTests.swift */ = {isa = PBXFileReference; lastKnownFileType = sourcecode.swift; path = AccelerometerAppTests.swift; sourceTree = "<group>"; };
		298DA07221E830960013F4A9 /* Info.plist */ = {isa = PBXFileReference; lastKnownFileType = text.plist.xml; path = Info.plist; sourceTree = "<group>"; };
/* End PBXFileReference section */

/* Begin PBXFrameworksBuildPhase section */
		298DA05221E830940013F4A9 /* Frameworks */ = {
			isa = PBXFrameworksBuildPhase;
			buildActionMask = 2147483647;
			files = (
			);
			runOnlyForDeploymentPostprocessing = 0;
		};
		298DA06921E830950013F4A9 /* Frameworks */ = {
			isa = PBXFrameworksBuildPhase;
			buildActionMask = 2147483647;
			files = (
			);
			runOnlyForDeploymentPostprocessing = 0;
		};
/* End PBXFrameworksBuildPhase section */

/* Begin PBXGroup section */
		298DA04C21E830940013F4A9 = {
			isa = PBXGroup;
			children = (
				298DA05721E830940013F4A9 /* AccelerometerApp */,
				298DA06F21E830960013F4A9 /* AccelerometerAppTests */,
				298DA05621E830940013F4A9 /* Products */,
			);
			sourceTree = "<group>";
		};
		298DA05621E830940013F4A9 /* Products */ = {
			isa = PBXGroup;
			children = (
				298DA05521E830940013F4A9 /* AccelerometerApp.app */,
				298DA06C21E830950013F4A9 /* AccelerometerAppTests.xctest */,
			);
			name = Products;
			sourceTree = "<group>";
		};
		298DA05721E830940013F4A9 /* AccelerometerApp */ = {
			isa = PBXGroup;
			children = (
				298DA05821E830940013F4A9 /* AppDelegate.swift */,
				298DA05A21E830940013F4A9 /* ViewController.swift */,
				298DA05C21E830940013F4A9 /* Main.storyboard */,
				298DA06221E830950013F4A9 /* Assets.xcassets */,
				298DA06421E830950013F4A9 /* LaunchScreen.storyboard */,
				298DA06721E830950013F4A9 /* Info.plist */,
				298DA05F21E830940013F4A9 /* AccelerometerApp.xcdatamodeld */,
			);
			path = AccelerometerApp;
			sourceTree = "<group>";
		};
		298DA06F21E830960013F4A9 /* AccelerometerAppTests */ = {
			isa = PBXGroup;
			children = (
				298DA07021E830960013F4A9 /* AccelerometerAppTests.swift */,
				298DA07221E830960013F4A9 /* Info.plist */,
			);
			path = AccelerometerAppTests;
			sourceTree = "<group>";
		};
/* End PBXGroup section */

/* Begin PBXNativeTarget section */
		298DA05421E830940013F4A9 /* AccelerometerApp */ = {
			isa = PBXNativeTarget;
			buildConfigurationList = 298DA07521E830960013F4A9 /* Build configuration list for PBXNativeTarget "AccelerometerApp" */;
			buildPhases = (
				298DA05121E830940013F4A9 /* Sources */,
				298DA05221E830940013F4A9 /* Frameworks */,
				298DA05321E830940013F4A9 /* Resources */,
			);
			buildRules = (
			);
			dependencies = (
			);
			name = AccelerometerApp;
			productName = AccelerometerApp;
			productReference = 298DA05521E830940013F4A9 /* AccelerometerApp.app */;
			productType = "com.apple.product-type.application";
		};
		298DA06B21E830950013F4A9 /* AccelerometerAppTests */ = {
			isa = PBXNativeTarget;
			buildConfigurationList = 298DA07821E830960013F4A9 /* Build configuration list for PBXNativeTarget "AccelerometerAppTests" */;
			buildPhases = (
				298DA06821E830950013F4A9 /* Sources */,
				298DA06921E830950013F4A9 /* Frameworks */,
				298DA06A21E830950013F4A9 /* Resources */,
			);
			buildRules = (
			);
			dependencies = (
				298DA06E21E830950013F4A9 /* PBXTargetDependency */,
			);
			name = AccelerometerAppTests;
			productName = AccelerometerAppTests;
			productReference = 298DA06C21E830950013F4A9 /* AccelerometerAppTests.xctest */;
			productType = "com.apple.product-type.bundle.unit-test";
		};
/* End PBXNativeTarget section */

/* Begin PBXProject section */
		298DA04D21E830940013F4A9 /* Project object */ = {
			isa = PBXProject;
			attributes = {
				LastSwiftUpdateCheck = 1010;
				LastUpgradeCheck = 1010;
				ORGANIZATIONNAME = "BCC FILKOM";
				TargetAttributes = {
					298DA05421E830940013F4A9 = {
						CreatedOnToolsVersion = 10.1;
					};
					298DA06B21E830950013F4A9 = {
						CreatedOnToolsVersion = 10.1;
						TestTargetID = 298DA05421E830940013F4A9;
					};
				};
			};
			buildConfigurationList = 298DA05021E830940013F4A9 /* Build configuration list for PBXProject "AccelerometerApp" */;
			compatibilityVersion = "Xcode 9.3";
			developmentRegion = en;
			hasScannedForEncodings = 0;
			knownRegions = (
				en,
				Base,
			);
			mainGroup = 298DA04C21E830940013F4A9;
			productRefGroup = 298DA05621E830940013F4A9 /* Products */;
			projectDirPath = "";
			projectRoot = "";
			targets = (
				298DA05421E830940013F4A9 /* AccelerometerApp */,
				298DA06B21E830950013F4A9 /* AccelerometerAppTests */,
			);
		};
/* End PBXProject section */

/* Begin PBXResourcesBuildPhase section */
		298DA05321E830940013F4A9 /* Resources */ = {
			isa = PBXResourcesBuildPhase;
			buildActionMask = 2147483647;
			files = (
				298DA06621E830950013F4A9 /* LaunchScreen.storyboard in Resources */,
				298DA06321E830950013F4A9 /* Assets.xcassets in Resources */,
				298DA05E21E830940013F4A9 /* Main.storyboard in Resources */,
			);
			runOnlyForDeploymentPostprocessing = 0;
		};
		298DA06A21E830950013F4A9 /* Resources */ = {
			isa = PBXResourcesBuildPhase;
			buildActionMask = 2147483647;
			files = (
			);
			runOnlyForDeploymentPostprocessing = 0;
		};
/* End PBXResourcesBuildPhase section */

/* Begin PBXSourcesBuildPhase section */
		298DA05121E830940013F4A9 /* Sources */ = {
			isa = PBXSourcesBuildPhase;
			buildActionMask = 2147483647;
			files = (
				298DA06121E830940013F4A9 /* AccelerometerApp.xcdatamodeld in Sources */,
				298DA05B21E830940013F4A9 /* ViewController.swift in Sources */,
				298DA05921E830940013F4A9 /* AppDelegate.swift in Sources */,
			);
			runOnlyForDeploymentPostprocessing = 0;
		};
		298DA06821E830950013F4A9 /* Sources */ = {
			isa = PBXSourcesBuildPhase;
			buildActionMask = 2147483647;
			files = (
				298DA07121E830960013F4A9 /* AccelerometerAppTests.swift in Sources */,
			);
			runOnlyForDeploymentPostprocessing = 0;
		};
/* End PBXSourcesBuildPhase section */

/* Begin PBXTargetDependency section */
		298DA06E21E830950013F4A9 /* PBXTargetDependency */ = {
			isa = PBXTargetDependency;
			target = 298DA05421E830940013F4A9 /* AccelerometerApp */;
			targetProxy = 298DA06D21E830950013F4A9 /* PBXContainerItemProxy */;
		};
/* End PBXTargetDependency section */

/* Begin PBXVariantGroup section */
		298DA05C21E830940013F4A9 /* Main.storyboard */ = {
			isa = PBXVariantGroup;
			children = (
				298DA05D21E830940013F4A9 /* Base */,
			);
			name = Main.storyboard;
			sourceTree = "<group>";
		};
		298DA06421E830950013F4A9 /* LaunchScreen.storyboard */ = {
			isa = PBXVariantGroup;
			children = (
				298DA06521E830950013F4A9 /* Base */,
			);
			name = LaunchScreen.storyboard;
			sourceTree = "<group>";
		};
/* End PBXVariantGroup section */

/* Begin XCBuildConfiguration section */
		298DA07321E830960013F4A9 /* Debug */ = {
			isa = XCBuildConfiguration;
			buildSettings = {
				ALWAYS_SEARCH_USER_PATHS = NO;
				CLANG_ANALYZER_NONNULL = YES;
				CLANG_ANALYZER_NUMBER_OBJECT_CONVERSION = YES_AGGRESSIVE;
				CLANG_CXX_LANGUAGE_STANDARD = "gnu++14";
				CLANG_CXX_LIBRARY = "libc++";
				CLANG_ENABLE_MODULES = YES;
				CLANG_ENABLE_OBJC_ARC = YES;
				CLANG_ENABLE_OBJC_WEAK = YES;
				CLANG_WARN_BLOCK_CAPTURE_AUTORELEASING = YES;
				CLANG_WARN_BOOL_CONVERSION = YES;
				CLANG_WARN_COMMA = YES;
				CLANG_WARN_CONSTANT_CONVERSION = YES;
				CLANG_WARN_DEPRECATED_OBJC_IMPLEMENTATIONS = YES;
				CLANG_WARN_DIRECT_OBJC_ISA_USAGE = YES_ERROR;
				CLANG_WARN_DOCUMENTATION_COMMENTS = YES;
				CLANG_WARN_EMPTY_BODY = YES;
				CLANG_WARN_ENUM_CONVERSION = YES;
				CLANG_WARN_INFINITE_RECURSION = YES;
				CLANG_WARN_INT_CONVERSION = YES;
				CLANG_WARN_NON_LITERAL_NULL_CONVERSION = YES;
				CLANG_WARN_OBJC_IMPLICIT_RETAIN_SELF = YES;
				CLANG_WARN_OBJC_LITERAL_CONVERSION = YES;
				CLANG_WARN_OBJC_ROOT_CLASS = YES_ERROR;
				CLANG_WARN_RANGE_LOOP_ANALYSIS = YES;
				CLANG_WARN_STRICT_PROTOTYPES = YES;
				CLANG_WARN_SUSPICIOUS_MOVE = YES;
				CLANG_WARN_UNGUARDED_AVAILABILITY = YES_AGGRESSIVE;
				CLANG_WARN_UNREACHABLE_CODE = YES;
				CLANG_WARN__DUPLICATE_METHOD_MATCH = YES;
				CODE_SIGN_IDENTITY = "iPhone Developer";
				COPY_PHASE_STRIP = NO;
				DEBUG_INFORMATION_FORMAT = dwarf;
				ENABLE_STRICT_OBJC_MSGSEND = YES;
				ENABLE_TESTABILITY = YES;
				GCC_C_LANGUAGE_STANDARD = gnu11;
				GCC_DYNAMIC_NO_PIC = NO;
				GCC_NO_COMMON_BLOCKS = YES;
				GCC_OPTIMIZATION_LEVEL = 0;
				GCC_PREPROCESSOR_DEFINITIONS = (
					"DEBUG=1",
					"$(inherited)",
				);
				GCC_WARN_64_TO_32_BIT_CONVERSION = YES;
				GCC_WARN_ABOUT_RETURN_TYPE = YES_ERROR;
				GCC_WARN_UNDECLARED_SELECTOR = YES;
				GCC_WARN_UNINITIALIZED_AUTOS = YES_AGGRESSIVE;
				GCC_WARN_UNUSED_FUNCTION = YES;
				GCC_WARN_UNUSED_VARIABLE = YES;
				IPHONEOS_DEPLOYMENT_TARGET = 12.1;
				MTL_ENABLE_DEBUG_INFO = INCLUDE_SOURCE;
				MTL_FAST_MATH = YES;
				ONLY_ACTIVE_ARCH = YES;
				SDKROOT = iphoneos;
				SWIFT_ACTIVE_COMPILATION_CONDITIONS = DEBUG;
				SWIFT_OPTIMIZATION_LEVEL = "-Onone";
			};
			name = Debug;
		};
		298DA07421E830960013F4A9 /* Release */ = {
			isa = XCBuildConfiguration;
			buildSettings = {
				ALWAYS_SEARCH_USER_PATHS = NO;
				CLANG_ANALYZER_NONNULL = YES;
				CLANG_ANALYZER_NUMBER_OBJECT_CONVERSION = YES_AGGRESSIVE;
				CLANG_CXX_LANGUAGE_STANDARD = "gnu++14";
				CLANG_CXX_LIBRARY = "libc++";
				CLANG_ENABLE_MODULES = YES;
				CLANG_ENABLE_OBJC_ARC = YES;
				CLANG_ENABLE_OBJC_WEAK = YES;
				CLANG_WARN_BLOCK_CAPTURE_AUTORELEASING = YES;
				CLANG_WARN_BOOL_CONVERSION = YES;
				CLANG_WARN_COMMA = YES;
				CLANG_WARN_CONSTANT_CONVERSION = YES;
				CLANG_WARN_DEPRECATED_OBJC_IMPLEMENTATIONS = YES;
				CLANG_WARN_DIRECT_OBJC_ISA_USAGE = YES_ERROR;
				CLANG_WARN_DOCUMENTATION_COMMENTS = YES;
				CLANG_WARN_EMPTY_BODY = YES;
				CLANG_WARN_ENUM_CONVERSION = YES;
				CLANG_WARN_INFINITE_RECURSION = YES;
				CLANG_WARN_INT_CONVERSION = YES;
				CLANG_WARN_NON_LITERAL_NULL_CONVERSION = YES;
				CLANG_WARN_OBJC_IMPLICIT_RETAIN_SELF = YES;
				CLANG_WARN_OBJC_LITERAL_CONVERSION = YES;
				CLANG_WARN_OBJC_ROOT_CLASS = YES_ERROR;
				CLANG_WARN_RANGE_LOOP_ANALYSIS = YES;
				CLANG_WARN_STRICT_PROTOTYPES = YES;
				CLANG_WARN_SUSPICIOUS_MOVE = YES;
				CLANG_WARN_UNGUARDED_AVAILABILITY = YES_AGGRESSIVE;
				CLANG_WARN_UNREACHABLE_CODE = YES;
				CLANG_WARN__DUPLICATE_METHOD_MATCH = YES;
				CODE_SIGN_IDENTITY = "iPhone Developer";
				COPY_PHASE_STRIP = NO;
				DEBUG_INFORMATION_FORMAT = "dwarf-with-dsym";
				ENABLE_NS_ASSERTIONS = NO;
				ENABLE_STRICT_OBJC_MSGSEND = YES;
				GCC_C_LANGUAGE_STANDARD = gnu11;
				GCC_NO_COMMON_BLOCKS = YES;
				GCC_WARN_64_TO_32_BIT_CONVERSION = YES;
				GCC_WARN_ABOUT_RETURN_TYPE = YES_ERROR;
				GCC_WARN_UNDECLARED_SELECTOR = YES;
				GCC_WARN_UNINITIALIZED_AUTOS = YES_AGGRESSIVE;
				GCC_WARN_UNUSED_FUNCTION = YES;
				GCC_WARN_UNUSED_VARIABLE = YES;
				IPHONEOS_DEPLOYMENT_TARGET = 12.1;
				MTL_ENABLE_DEBUG_INFO = NO;
				MTL_FAST_MATH = YES;
				SDKROOT = iphoneos;
				SWIFT_COMPILATION_MODE = wholemodule;
				SWIFT_OPTIMIZATION_LEVEL = "-O";
				VALIDATE_PRODUCT = YES;
			};
			name = Release;
		};
		298DA07621E830960013F4A9 /* Debug */ = {
			isa = XCBuildConfiguration;
			buildSettings = {
				ASSETCATALOG_COMPILER_APPICON_NAME = AppIcon;
				CODE_SIGN_STYLE = Automatic;
				INFOPLIST_FILE = AccelerometerApp/Info.plist;
				LD_RUNPATH_SEARCH_PATHS = (
					"$(inherited)",
					"@executable_path/Frameworks",
				);
				PRODUCT_BUNDLE_IDENTIFIER = bccfilkom.AccelerometerApp;
				PRODUCT_NAME = "$(TARGET_NAME)";
				SWIFT_VERSION = 4.2;
				TARGETED_DEVICE_FAMILY = "1,2";
			};
			name = Debug;
		};
		298DA07721E830960013F4A9 /* Release */ = {
			isa = XCBuildConfiguration;
			buildSettings = {
				ASSETCATALOG_COMPILER_APPICON_NAME = AppIcon;
				CODE_SIGN_STYLE = Automatic;
				INFOPLIST_FILE = AccelerometerApp/Info.plist;
				LD_RUNPATH_SEARCH_PATHS = (
					"$(inherited)",
					"@executable_path/Frameworks",
				);
				PRODUCT_BUNDLE_IDENTIFIER = bccfilkom.AccelerometerApp;
				PRODUCT_NAME = "$(TARGET_NAME)";
				SWIFT_VERSION = 4.2;
				TARGETED_DEVICE_FAMILY = "1,2";
			};
			name = Release;
		};
		298DA07921E830960013F4A9 /* Debug */ = {
			isa = XCBuildConfiguration;
			buildSettings = {
				ALWAYS_EMBED_SWIFT_STANDARD_LIBRARIES = YES;
				BUNDLE_LOADER = "$(TEST_HOST)";
				CODE_SIGN_STYLE = Automatic;
				INFOPLIST_FILE = AccelerometerAppTests/Info.plist;
				LD_RUNPATH_SEARCH_PATHS = (
					"$(inherited)",
					"@executable_path/Frameworks",
					"@loader_path/Frameworks",
				);
				PRODUCT_BUNDLE_IDENTIFIER = bccfilkom.AccelerometerAppTests;
				PRODUCT_NAME = "$(TARGET_NAME)";
				SWIFT_VERSION = 4.2;
				TARGETED_DEVICE_FAMILY = "1,2";
				TEST_HOST = "$(BUILT_PRODUCTS_DIR)/AccelerometerApp.app/AccelerometerApp";
			};
			name = Debug;
		};
		298DA07A21E830960013F4A9 /* Release */ = {
			isa = XCBuildConfiguration;
			buildSettings = {
				ALWAYS_EMBED_SWIFT_STANDARD_LIBRARIES = YES;
				BUNDLE_LOADER = "$(TEST_HOST)";
				CODE_SIGN_STYLE = Automatic;
				INFOPLIST_FILE = AccelerometerAppTests/Info.plist;
				LD_RUNPATH_SEARCH_PATHS = (
					"$(inherited)",
					"@executable_path/Frameworks",
					"@loader_path/Frameworks",
				);
				PRODUCT_BUNDLE_IDENTIFIER = bccfilkom.AccelerometerAppTests;
				PRODUCT_NAME = "$(TARGET_NAME)";
				SWIFT_VERSION = 4.2;
				TARGETED_DEVICE_FAMILY = "1,2";
				TEST_HOST = "$(BUILT_PRODUCTS_DIR)/AccelerometerApp.app/AccelerometerApp";
			};
			name = Release;
		};
/* End XCBuildConfiguration section */

/* Begin XCConfigurationList section */
		298DA05021E830940013F4A9 /* Build configuration list for PBXProject "AccelerometerApp" */ = {
			isa = XCConfigurationList;
			buildConfigurations = (
				298DA07321E830960013F4A9 /* Debug */,
				298DA07421E830960013F4A9 /* Release */,
			);
			defaultConfigurationIsVisible = 0;
			defaultConfigurationName = Release;
		};
		298DA07521E830960013F4A9 /* Build configuration list for PBXNativeTarget "AccelerometerApp" */ = {
			isa = XCConfigurationList;
			buildConfigurations = (
				298DA07621E830960013F4A9 /* Debug */,
				298DA07721E830960013F4A9 /* Release */,
			);
			defaultConfigurationIsVisible = 0;
			defaultConfigurationName = Release;
		};
		298DA07821E830960013F4A9 /* Build configuration list for PBXNativeTarget "AccelerometerAppTests" */ = {
			isa = XCConfigurationList;
			buildConfigurations = (
				298DA07921E830960013F4A9 /* Debug */,
				298DA07A21E830960013F4A9 /* Release */,
			);
			defaultConfigurationIsVisible = 0;
			defaultConfigurationName = Release;
		};
/* End XCConfigurationList section */

/* Begin XCVersionGroup section */
		298DA05F21E830940013F4A9 /* AccelerometerApp.xcdatamodeld */ = {
			isa = XCVersionGroup;
			children = (
				298DA06021E830940013F4A9 /* AccelerometerApp.xcdatamodel */,
			);
			currentVersion = 298DA06021E830940013F4A9 /* AccelerometerApp.xcdatamodel */;
			path = AccelerometerApp.xcdatamodeld;
			sourceTree = "<group>";
			versionGroupType = wrapper.xcdatamodel;
		};
/* End XCVersionGroup section */
	};
	rootObject = 298DA04D21E830940013F4A9 /* Project object */;
}
